
Microsoft Visual Studio Solution File, Format Version 12.00
# Visual Studio 15
VisualStudioVersion = 15.0.27428.2005
MinimumVisualStudioVersion = 10.0.40219.1
Project("{262852C6-CD72-467D-83FE-5EEB1973A190}") = "BlankCordovaApp1", "BlankCordovaApp1\BlankCordovaApp1.jsproj", "{D32E2A07-042F-4FE5-B1D3-3DA92CF4A16F}"
EndProject
Global
	GlobalSection(SolutionConfigurationPlatforms) = preSolution
		Debug|Android = Debug|Android
		Debug|iOS = Debug|iOS
		Debug|Windows-ARM = Debug|Windows-ARM
		Debug|Windows-x64 = Debug|Windows-x64
		Debug|Windows-x86 = Debug|Windows-x86
		Release|Android = Release|Android
		Release|iOS = Release|iOS
		Release|Windows-ARM = Release|Windows-ARM
		Release|Windows-x64 = Release|Windows-x64
		Release|Windows-x86 = Release|Windows-x86
	EndGlobalSection
	GlobalSection(ProjectConfigurationPlatforms) = postSolution
		{D32E2A07-042F-4FE5-B1D3-3DA92CF4A16F}.Debug|Android.ActiveCfg = Debug|Android
		{D32E2A07-042F-4FE5-B1D3-3DA92CF4A16F}.Debug|Android.Build.0 = Debug|Android
		{D32E2A07-042F-4FE5-B1D3-3DA92CF4A16F}.Debug|Android.Deploy.0 = Debug|Android
		{D32E2A07-042F-4FE5-B1D3-3DA92CF4A16F}.Debug|iOS.ActiveCfg = Debug|iOS
		{D32E2A07-042F-4FE5-B1D3-3DA92CF4A16F}.Debug|iOS.Build.0 = Debug|iOS
		{D32E2A07-042F-4FE5-B1D3-3DA92CF4A16F}.Debug|iOS.Deploy.0 = Debug|iOS
		{D32E2A07-042F-4FE5-B1D3-3DA92CF4A16F}.Debug|Windows-ARM.ActiveCfg = Debug|Windows-ARM
		{D32E2A07-042F-4FE5-B1D3-3DA92CF4A16F}.Debug|Windows-ARM.Build.0 = Debug|Windows-ARM
		{D32E2A07-042F-4FE5-B1D3-3DA92CF4A16F}.Debug|Windows-ARM.Deploy.0 = Debug|Windows-ARM
		{D32E2A07-042F-4FE5-B1D3-3DA92CF4A16F}.Debug|Windows-x64.ActiveCfg = Debug|Windows-x64
		{D32E2A07-042F-4FE5-B1D3-3DA92CF4A16F}.Debug|Windows-x64.Build.0 = Debug|Windows-x64
		{D32E2A07-042F-4FE5-B1D3-3DA92CF4A16F}.Debug|Windows-x64.Deploy.0 = Debug|Windows-x64
		{D32E2A07-042F-4FE5-B1D3-3DA92CF4A16F}.Debug|Windows-x86.ActiveCfg = Debug|Windows-x86
		{D32E2A07-042F-4FE5-B1D3-3DA92CF4A16F}.Debug|Windows-x86.Build.0 = Debug|Windows-x86
		{D32E2A07-042F-4FE5-B1D3-3DA92CF4A16F}.Debug|Windows-x86.Deploy.0 = Debug|Windows-x86
		{D32E2A07-042F-4FE5-B1D3-3DA92CF4A16F}.Release|Android.ActiveCfg = Release|Android
		{D32E2A07-042F-4FE5-B1D3-3DA92CF4A16F}.Release|Android.Build.0 = Release|Android
		{D32E2A07-042F-4FE5-B1D3-3DA92CF4A16F}.Release|Android.Deploy.0 = Release|Android
		{D32E2A07-042F-4FE5-B1D3-3DA92CF4A16F}.Release|iOS.ActiveCfg = Release|iOS
		{D32E2A07-042F-4FE5-B1D3-3DA92CF4A16F}.Release|iOS.Build.0 = Release|iOS
		{D32E2A07-042F-4FE5-B1D3-3DA92CF4A16F}.Release|iOS.Deploy.0 = Release|iOS
		{D32E2A07-042F-4FE5-B1D3-3DA92CF4A16F}.Release|Windows-ARM.ActiveCfg = Release|Windows-ARM
		{D32E2A07-042F-4FE5-B1D3-3DA92CF4A16F}.Release|Windows-ARM.Build.0 = Release|Windows-ARM
		{D32E2A07-042F-4FE5-B1D3-3DA92CF4A16F}.Release|Windows-ARM.Deploy.0 = Release|Windows-ARM
		{D32E2A07-042F-4FE5-B1D3-3DA92CF4A16F}.Release|Windows-x64.ActiveCfg = Release|Windows-x64
		{D32E2A07-042F-4FE5-B1D3-3DA92CF4A16F}.Release|Windows-x64.Build.0 = Release|Windows-x64
		{D32E2A07-042F-4FE5-B1D3-3DA92CF4A16F}.Release|Windows-x64.Deploy.0 = Release|Windows-x64
		{D32E2A07-042F-4FE5-B1D3-3DA92CF4A16F}.Release|Windows-x86.ActiveCfg = Release|Windows-x86
		{D32E2A07-042F-4FE5-B1D3-3DA92CF4A16F}.Release|Windows-x86.Build.0 = Release|Windows-x86
		{D32E2A07-042F-4FE5-B1D3-3DA92CF4A16F}.Release|Windows-x86.Deploy.0 = Release|Windows-x86
	EndGlobalSection
	GlobalSection(SolutionProperties) = preSolution
		HideSolutionNode = FALSE
	EndGlobalSection
	GlobalSection(ExtensibilityGlobals) = postSolution
		SolutionGuid = {1CAB04FF-28D8-4770-A9E7-AC0BC737A0CF}
	EndGlobalSection
EndGlobal
